
Microsoft Visual Studio Solution File, Format Version 12.00
# Visual Studio Version 17
VisualStudioVersion = 17.3.32819.101
MinimumVisualStudioVersion = 10.0.40219.1
Project("{FAE04EC0-301F-11D3-BF4B-00C04F79EFBC}") = "DIP", "DIP\DIP.csproj", "{AD038FF2-5743-4429-B546-36673B156264}"
EndProject
Global
	GlobalSection(SolutionConfigurationPlatforms) = preSolution
		Debug|Any CPU = Debug|Any CPU
		Release|Any CPU = Release|Any CPU
	EndGlobalSection
	GlobalSection(ProjectConfigurationPlatforms) = postSolution
		{AD038FF2-5743-4429-B546-36673B156264}.Debug|Any CPU.ActiveCfg = Debug|Any CPU
		{AD038FF2-5743-4429-B546-36673B156264}.Debug|Any CPU.Build.0 = Debug|Any CPU
		{AD038FF2-5743-4429-B546-36673B156264}.Release|Any CPU.ActiveCfg = Release|Any CPU
		{AD038FF2-5743-4429-B546-36673B156264}.Release|Any CPU.Build.0 = Release|Any CPU
	EndGlobalSection
	GlobalSection(SolutionProperties) = preSolution
		HideSolutionNode = FALSE
	EndGlobalSection
	GlobalSection(ExtensibilityGlobals) = postSolution
		SolutionGuid = {2F8CB6E7-2DF9-4FB8-8F69-2CEC2104008C}
	EndGlobalSection
EndGlobal
